{
  "nodes": {
    "nixpkgs": {
      "locked": {
        "lastModified": 1721949857,
        "narHash": "sha256-DID446r8KsmJhbCzx4el8d9SnPiE8qa6+eEQOJ40vR0=",
        "rev": "a1cc729dcbc31d9b0d11d86dc7436163548a9665",
        "revCount": 633481,
        "type": "tarball",
        "url": "https://api.flakehub.com/f/pinned/NixOS/nixpkgs/0.2405.633481%2Brev-a1cc729dcbc31d9b0d11d86dc7436163548a9665/0190ef32-8438-79be-9d83-2e97dc792840/source.tar.gz"
      },
      "original": {
        "type": "tarball",
        "url": "https://flakehub.com/f/NixOS/nixpkgs/0.2405.%2A.tar.gz"
      }
    },
    "root": {
      "inputs": {
        "nixpkgs": "nixpkgs"
      }
    }
  },
  "root": "root",
  "version": 7
}
